{
  "lockfileVersion": 1,
  "workspaces": {
    "": {
      "dependencies": {
        "arctic": "^3.7.0",
        "elysia-oauth2": "^2.1.0",
        "jsonwebtoken": "^9.0.2",
      },
    },
  },
  "packages": {
    "@oslojs/asn1": ["@oslojs/asn1@1.0.0", "", { "dependencies": { "@oslojs/binary": "1.0.0" } }, "sha512-zw/wn0sj0j0QKbIXfIlnEcTviaCzYOY3V5rAyjR6YtOByFtJiT574+8p9Wlach0lZH9fddD4yb9laEAIl4vXQA=="],

    "@oslojs/binary": ["@oslojs/binary@1.0.0", "", {}, "sha512-9RCU6OwXU6p67H4NODbuxv2S3eenuQ4/WFLrsq+K/k682xrznH5EVWA7N4VFk9VYVcbFtKqur5YQQZc0ySGhsQ=="],

    "@oslojs/crypto": ["@oslojs/crypto@1.0.1", "", { "dependencies": { "@oslojs/asn1": "1.0.0", "@oslojs/binary": "1.0.0" } }, "sha512-7n08G8nWjAr/Yu3vu9zzrd0L9XnrJfpMioQcvCMxBIiF5orECHe5/3J0jmXRVvgfqMm/+4oxlQ+Sq39COYLcNQ=="],

    "@oslojs/encoding": ["@oslojs/encoding@1.1.0", "", {}, "sha512-70wQhgYmndg4GCPxPPxPGevRKqTIJ2Nh4OkiMWmDAVYsTQ+Ta7Sq+rPevXyXGdzr30/qZBnyOalCszoMxlyldQ=="],

    "@oslojs/jwt": ["@oslojs/jwt@0.2.0", "", { "dependencies": { "@oslojs/encoding": "0.4.1" } }, "sha512-bLE7BtHrURedCn4Mco3ma9L4Y1GR2SMBuIvjWr7rmQ4/W/4Jy70TIAgZ+0nIlk0xHz1vNP8x8DCns45Sb2XRbg=="],

    "@sinclair/typebox": ["@sinclair/typebox@0.34.41", "", {}, "sha512-6gS8pZzSXdyRHTIqoqSVknxolr1kzfy4/CeDnrzsVz8TTIWUbOBr6gnzOmTYJ3eXQNh4IYHIGi5aIL7sOZ2G/g=="],

    "arctic": ["arctic@3.7.0", "", { "dependencies": { "@oslojs/crypto": "1.0.1", "@oslojs/encoding": "1.1.0", "@oslojs/jwt": "0.2.0" } }, "sha512-ZMQ+f6VazDgUJOd+qNV+H7GohNSYal1mVjm5kEaZfE2Ifb7Ss70w+Q7xpJC87qZDkMZIXYf0pTIYZA0OPasSbw=="],

    "buffer-equal-constant-time": ["buffer-equal-constant-time@1.0.1", "", {}, "sha512-zRpUiDwd/xk6ADqPMATG8vc9VPrkck7T07OIx0gnjmJAnHnTVXNQG3vfvWNuiZIkwu9KrKdA1iJKfsfTVxE6NA=="],

    "cookie": ["cookie@1.0.2", "", {}, "sha512-9Kr/j4O16ISv8zBBhJoi4bXOYNTkFLOqSL3UDB0njXxCXNezjeyVrJyGOWtgfs/q2km1gwBcfH8q1yEGoMYunA=="],

    "ecdsa-sig-formatter": ["ecdsa-sig-formatter@1.0.11", "", { "dependencies": { "safe-buffer": "^5.0.1" } }, "sha512-nagl3RYrbNv6kQkeJIpt6NJZy8twLB/2vtz6yN9Z4vRKHN4/QZJIEbqohALSgwKdnksuY3k5Addp5lg8sVoVcQ=="],

    "elysia": ["elysia@1.4.9", "", { "dependencies": { "cookie": "^1.0.2", "exact-mirror": "0.2.2", "fast-decode-uri-component": "^1.0.1" }, "peerDependencies": { "@sinclair/typebox": ">= 0.34.0 < 1", "file-type": ">= 20.0.0", "openapi-types": ">= 12.0.0", "typescript": ">= 5.0.0" }, "optionalPeers": ["file-type", "typescript"] }, "sha512-BWNhA8DoKQvlQTjAUkMAmNeso24U+ibZxY/8LN96qSDK/6eevaX59r3GISow699JPxSnFY3gLMUzJzCLYVtbvg=="],

    "elysia-oauth2": ["elysia-oauth2@2.1.0", "", { "peerDependencies": { "arctic": "*", "elysia": "^1.2.0" } }, "sha512-+8ZfUTHWi4y6BB4dpQ8rc1xEkHhp5tR5a4lF8iUoZs6yoStIZnnb0PIL7pJ+KJeN5IgmXgmvInsQynk62H3itQ=="],

    "exact-mirror": ["exact-mirror@0.2.2", "", { "peerDependencies": { "@sinclair/typebox": "^0.34.15" }, "optionalPeers": ["@sinclair/typebox"] }, "sha512-CrGe+4QzHZlnrXZVlo/WbUZ4qQZq8C0uATQVGVgXIrNXgHDBBNFD1VRfssRA2C9t3RYvh3MadZSdg2Wy7HBoQA=="],

    "fast-decode-uri-component": ["fast-decode-uri-component@1.0.1", "", {}, "sha512-WKgKWg5eUxvRZGwW8FvfbaH7AXSh2cL+3j5fMGzUMCxWBJ3dV3a7Wz8y2f/uQ0e3B6WmodD3oS54jTQ9HVTIIg=="],

    "jsonwebtoken": ["jsonwebtoken@9.0.2", "", { "dependencies": { "jws": "^3.2.2", "lodash.includes": "^4.3.0", "lodash.isboolean": "^3.0.3", "lodash.isinteger": "^4.0.4", "lodash.isnumber": "^3.0.3", "lodash.isplainobject": "^4.0.6", "lodash.isstring": "^4.0.1", "lodash.once": "^4.0.0", "ms": "^2.1.1", "semver": "^7.5.4" } }, "sha512-PRp66vJ865SSqOlgqS8hujT5U4AOgMfhrwYIuIhfKaoSCZcirrmASQr8CX7cUg+RMih+hgznrjp99o+W4pJLHQ=="],

    "jwa": ["jwa@1.4.2", "", { "dependencies": { "buffer-equal-constant-time": "^1.0.1", "ecdsa-sig-formatter": "1.0.11", "safe-buffer": "^5.0.1" } }, "sha512-eeH5JO+21J78qMvTIDdBXidBd6nG2kZjg5Ohz/1fpa28Z4CcsWUzJ1ZZyFq/3z3N17aZy+ZuBoHljASbL1WfOw=="],

    "jws": ["jws@3.2.2", "", { "dependencies": { "jwa": "^1.4.1", "safe-buffer": "^5.0.1" } }, "sha512-YHlZCB6lMTllWDtSPHz/ZXTsi8S00usEV6v1tjq8tOUZzw7DpSDWVXjXDre6ed1w/pd495ODpHZYSdkRTsa0HA=="],

    "lodash.includes": ["lodash.includes@4.3.0", "", {}, "sha512-W3Bx6mdkRTGtlJISOvVD/lbqjTlPPUDTMnlXZFnVwi9NKJ6tiAk6LVdlhZMm17VZisqhKcgzpO5Wz91PCt5b0w=="],

    "lodash.isboolean": ["lodash.isboolean@3.0.3", "", {}, "sha512-Bz5mupy2SVbPHURB98VAcw+aHh4vRV5IPNhILUCsOzRmsTmSQ17jIuqopAentWoehktxGd9e/hbIXq980/1QJg=="],

    "lodash.isinteger": ["lodash.isinteger@4.0.4", "", {}, "sha512-DBwtEWN2caHQ9/imiNeEA5ys1JoRtRfY3d7V9wkqtbycnAmTvRRmbHKDV4a0EYc678/dia0jrte4tjYwVBaZUA=="],

    "lodash.isnumber": ["lodash.isnumber@3.0.3", "", {}, "sha512-QYqzpfwO3/CWf3XP+Z+tkQsfaLL/EnUlXWVkIk5FUPc4sBdTehEqZONuyRt2P67PXAk+NXmTBcc97zw9t1FQrw=="],

    "lodash.isplainobject": ["lodash.isplainobject@4.0.6", "", {}, "sha512-oSXzaWypCMHkPC3NvBEaPHf0KsA5mvPrOPgQWDsbg8n7orZ290M0BmC/jgRZ4vcJ6DTAhjrsSYgdsW/F+MFOBA=="],

    "lodash.isstring": ["lodash.isstring@4.0.1", "", {}, "sha512-0wJxfxH1wgO3GrbuP+dTTk7op+6L41QCXbGINEmD+ny/G/eCqGzxyCsh7159S+mgDDcoarnBw6PC1PS5+wUGgw=="],

    "lodash.once": ["lodash.once@4.1.1", "", {}, "sha512-Sb487aTOCr9drQVL8pIxOzVhafOjZN9UU54hiN8PU3uAiSV7lx1yYNpbNmex2PK6dSJoNTSJUUswT651yww3Mg=="],

    "ms": ["ms@2.1.3", "", {}, "sha512-6FlzubTLZG3J2a/NVCAleEhjzq5oxgHyaCU9yYXvcLsvoVaHJq/s5xXI6/XXP6tz7R9xAOtHnSO/tXtF3WRTlA=="],

    "openapi-types": ["openapi-types@12.1.3", "", {}, "sha512-N4YtSYJqghVu4iek2ZUvcN/0aqH1kRDuNqzcycDxhOUpg7GdvLa2F3DgS6yBNhInhv2r/6I0Flkn7CqL8+nIcw=="],

    "safe-buffer": ["safe-buffer@5.2.1", "", {}, "sha512-rp3So07KcdmmKbGvgaNxQSJr7bGVSVk5S9Eq1F+ppbRo70+YeaDxkw5Dd8NPN+GD6bjnYm2VuPuCXmpuYvmCXQ=="],

    "semver": ["semver@7.7.3", "", { "bin": { "semver": "bin/semver.js" } }, "sha512-SdsKMrI9TdgjdweUSR9MweHA4EJ8YxHn8DFaDisvhVlUOe4BF1tLD7GAj0lIqWVl+dPb/rExr0Btby5loQm20Q=="],

    "@oslojs/jwt/@oslojs/encoding": ["@oslojs/encoding@0.4.1", "", {}, "sha512-hkjo6MuIK/kQR5CrGNdAPZhS01ZCXuWDRJ187zh6qqF2+yMHZpD9fAYpX8q2bOO6Ryhl3XpCT6kUX76N8hhm4Q=="],
  }
}
